{
  "name": "@kampus/a-dark-world",
  "version": "0.0.0",
  "lockfileVersion": 3,
  "requires": true,
  "packages": {
    "": {
      "name": "@kampus/a-dark-world",
      "version": "0.0.0",
      "dependencies": {
        "@biomejs/biome": "^1.8.2",
        "@types/chrome": "^0.0.268",
        "fast_htmlcs": "^0.0.78",
        "kayle": "^0.8.56",
        "playwright": "^1.44.1"
      },
      "devDependencies": {
        "@types/bun": "latest"
      },
      "peerDependencies": {
        "typescript": "^5.0.0"
      }
    },
    "node_modules/@biomejs/biome": {
      "version": "1.8.2",
      "hasInstallScript": true,
      "license": "MIT OR Apache-2.0",
      "bin": {
        "biome": "bin/biome"
      },
      "engines": {
        "node": ">=14.21.3"
      },
      "funding": {
        "type": "opencollective",
        "url": "https://opencollective.com/biome"
      },
      "optionalDependencies": {
        "@biomejs/cli-darwin-arm64": "1.8.2",
        "@biomejs/cli-darwin-x64": "1.8.2",
        "@biomejs/cli-linux-arm64": "1.8.2",
        "@biomejs/cli-linux-arm64-musl": "1.8.2",
        "@biomejs/cli-linux-x64": "1.8.2",
        "@biomejs/cli-linux-x64-musl": "1.8.2",
        "@biomejs/cli-win32-arm64": "1.8.2",
        "@biomejs/cli-win32-x64": "1.8.2"
      }
    },
    "node_modules/@biomejs/cli-darwin-arm64": {
      "version": "1.8.2",
      "cpu": [
        "arm64"
      ],
      "license": "MIT OR Apache-2.0",
      "optional": true,
      "os": [
        "darwin"
      ],
      "engines": {
        "node": ">=14.21.3"
      }
    },
    "node_modules/@types/bun": {
      "version": "1.1.5",
      "resolved": "https://registry.npmjs.org/@types/bun/-/bun-1.1.5.tgz",
      "integrity": "sha512-7RprVDMF+1o+EWSo7F1+iJpkfNz+Ikw9K//vwambcY+D1QHXfb9l7jWY1hSBfuFEkW9yFAhkMzP2uTi1pQXoqw==",
      "dev": true,
      "dependencies": {
        "bun-types": "1.1.14"
      }
    },
    "node_modules/@types/chrome": {
      "version": "0.0.268",
      "license": "MIT",
      "dependencies": {
        "@types/filesystem": "*",
        "@types/har-format": "*"
      }
    },
    "node_modules/@types/filesystem": {
      "version": "0.0.36",
      "license": "MIT",
      "dependencies": {
        "@types/filewriter": "*"
      }
    },
    "node_modules/@types/filewriter": {
      "version": "0.0.33",
      "license": "MIT"
    },
    "node_modules/@types/har-format": {
      "version": "1.2.15",
      "license": "MIT"
    },
    "node_modules/@types/node": {
      "version": "20.12.14",
      "dev": true,
      "license": "MIT",
      "dependencies": {
        "undici-types": "~5.26.4"
      }
    },
    "node_modules/@types/ws": {
      "version": "8.5.10",
      "dev": true,
      "license": "MIT",
      "dependencies": {
        "@types/node": "*"
      }
    },
    "node_modules/bun-types": {
      "version": "1.1.14",
      "dev": true,
      "license": "MIT",
      "dependencies": {
        "@types/node": "~20.12.8",
        "@types/ws": "~8.5.10"
      }
    },
    "node_modules/fast_axecore": {
      "version": "4.6.35",
      "license": "MPL-2.0",
      "engines": {
        "node": ">=4"
      }
    },
    "node_modules/fast_htmlcs": {
      "version": "0.0.78",
      "license": "BSD-3-Clause",
      "engines": {
        "node": ">=6"
      }
    },
    "node_modules/fsevents": {
      "version": "2.3.2",
      "license": "MIT",
      "optional": true,
      "os": [
        "darwin"
      ],
      "engines": {
        "node": "^8.16.0 || ^10.6.0 || >=11.0.0"
      }
    },
    "node_modules/kayle": {
      "version": "0.8.56",
      "license": "MIT",
      "dependencies": {
        "fast_axecore": "4.6.35",
        "fast_htmlcs": "0.0.78",
        "kayle_innate": "0.0.30"
      }
    },
    "node_modules/kayle_innate": {
      "version": "0.0.30",
      "license": "MIT"
    },
    "node_modules/playwright": {
      "version": "1.44.1",
      "license": "Apache-2.0",
      "dependencies": {
        "playwright-core": "1.44.1"
      },
      "bin": {
        "playwright": "cli.js"
      },
      "engines": {
        "node": ">=16"
      },
      "optionalDependencies": {
        "fsevents": "2.3.2"
      }
    },
    "node_modules/playwright-core": {
      "version": "1.44.1",
      "license": "Apache-2.0",
      "bin": {
        "playwright-core": "cli.js"
      },
      "engines": {
        "node": ">=16"
      }
    },
    "node_modules/typescript": {
      "version": "5.5.2",
      "license": "Apache-2.0",
      "peer": true,
      "bin": {
        "tsc": "bin/tsc",
        "tsserver": "bin/tsserver"
      },
      "engines": {
        "node": ">=14.17"
      }
    },
    "node_modules/undici-types": {
      "version": "5.26.5",
      "dev": true,
      "license": "MIT"
    }
  }
}
